
Microsoft Visual Studio Solution File, Format Version 12.00
# Visual Studio Version 16
VisualStudioVersion = 16.0.31410.357
MinimumVisualStudioVersion = 10.0.40219.1
Project("{FAE04EC0-301F-11D3-BF4B-00C04F79EFBC}") = "AppSticker", "AppSticker\AppSticker.csproj", "{634295C0-814D-4469-B99E-35A4CD4D6D64}"
EndProject
Project("{C7167F0D-BC9F-4E6E-AFE1-012C56B48DB5}") = "Packaging", "Packaging\Packaging.wapproj", "{E62653E9-95A2-4C38-92A4-514993EBD6B7}"
EndProject
Project("{FAE04EC0-301F-11D3-BF4B-00C04F79EFBC}") = "AppStickerService", "AppStickerService\AppStickerService.csproj", "{E21AA2F7-0776-45F6-825F-DAB846758BC1}"
EndProject
Project("{FAE04EC0-301F-11D3-BF4B-00C04F79EFBC}") = "AppHook", "AppHook\AppHook.csproj", "{5571F52D-3151-4757-B906-9E5B9F436850}"
EndProject
Global
	GlobalSection(SolutionConfigurationPlatforms) = preSolution
		Debug|Any CPU = Debug|Any CPU
		Debug|ARM = Debug|ARM
		Debug|ARM64 = Debug|ARM64
		Debug|x64 = Debug|x64
		Debug|x86 = Debug|x86
		Release|Any CPU = Release|Any CPU
		Release|ARM = Release|ARM
		Release|ARM64 = Release|ARM64
		Release|x64 = Release|x64
		Release|x86 = Release|x86
	EndGlobalSection
	GlobalSection(ProjectConfigurationPlatforms) = postSolution
		{634295C0-814D-4469-B99E-35A4CD4D6D64}.Debug|Any CPU.ActiveCfg = Debug|x86
		{634295C0-814D-4469-B99E-35A4CD4D6D64}.Debug|ARM.ActiveCfg = Debug|ARM
		{634295C0-814D-4469-B99E-35A4CD4D6D64}.Debug|ARM.Build.0 = Debug|ARM
		{634295C0-814D-4469-B99E-35A4CD4D6D64}.Debug|ARM.Deploy.0 = Debug|ARM
		{634295C0-814D-4469-B99E-35A4CD4D6D64}.Debug|ARM64.ActiveCfg = Debug|ARM64
		{634295C0-814D-4469-B99E-35A4CD4D6D64}.Debug|ARM64.Build.0 = Debug|ARM64
		{634295C0-814D-4469-B99E-35A4CD4D6D64}.Debug|ARM64.Deploy.0 = Debug|ARM64
		{634295C0-814D-4469-B99E-35A4CD4D6D64}.Debug|x64.ActiveCfg = Debug|x64
		{634295C0-814D-4469-B99E-35A4CD4D6D64}.Debug|x64.Build.0 = Debug|x64
		{634295C0-814D-4469-B99E-35A4CD4D6D64}.Debug|x64.Deploy.0 = Debug|x64
		{634295C0-814D-4469-B99E-35A4CD4D6D64}.Debug|x86.ActiveCfg = Debug|x86
		{634295C0-814D-4469-B99E-35A4CD4D6D64}.Debug|x86.Build.0 = Debug|x86
		{634295C0-814D-4469-B99E-35A4CD4D6D64}.Debug|x86.Deploy.0 = Debug|x86
		{634295C0-814D-4469-B99E-35A4CD4D6D64}.Release|Any CPU.ActiveCfg = Release|x86
		{634295C0-814D-4469-B99E-35A4CD4D6D64}.Release|ARM.ActiveCfg = Release|ARM
		{634295C0-814D-4469-B99E-35A4CD4D6D64}.Release|ARM.Build.0 = Release|ARM
		{634295C0-814D-4469-B99E-35A4CD4D6D64}.Release|ARM.Deploy.0 = Release|ARM
		{634295C0-814D-4469-B99E-35A4CD4D6D64}.Release|ARM64.ActiveCfg = Release|ARM64
		{634295C0-814D-4469-B99E-35A4CD4D6D64}.Release|ARM64.Build.0 = Release|ARM64
		{634295C0-814D-4469-B99E-35A4CD4D6D64}.Release|ARM64.Deploy.0 = Release|ARM64
		{634295C0-814D-4469-B99E-35A4CD4D6D64}.Release|x64.ActiveCfg = Release|x64
		{634295C0-814D-4469-B99E-35A4CD4D6D64}.Release|x64.Build.0 = Release|x64
		{634295C0-814D-4469-B99E-35A4CD4D6D64}.Release|x64.Deploy.0 = Release|x64
		{634295C0-814D-4469-B99E-35A4CD4D6D64}.Release|x86.ActiveCfg = Release|x86
		{634295C0-814D-4469-B99E-35A4CD4D6D64}.Release|x86.Build.0 = Release|x86
		{634295C0-814D-4469-B99E-35A4CD4D6D64}.Release|x86.Deploy.0 = Release|x86
		{E62653E9-95A2-4C38-92A4-514993EBD6B7}.Debug|Any CPU.ActiveCfg = Debug|Any CPU
		{E62653E9-95A2-4C38-92A4-514993EBD6B7}.Debug|Any CPU.Build.0 = Debug|Any CPU
		{E62653E9-95A2-4C38-92A4-514993EBD6B7}.Debug|Any CPU.Deploy.0 = Debug|Any CPU
		{E62653E9-95A2-4C38-92A4-514993EBD6B7}.Debug|ARM.ActiveCfg = Debug|ARM
		{E62653E9-95A2-4C38-92A4-514993EBD6B7}.Debug|ARM.Build.0 = Debug|ARM
		{E62653E9-95A2-4C38-92A4-514993EBD6B7}.Debug|ARM.Deploy.0 = Debug|ARM
		{E62653E9-95A2-4C38-92A4-514993EBD6B7}.Debug|ARM64.ActiveCfg = Debug|ARM64
		{E62653E9-95A2-4C38-92A4-514993EBD6B7}.Debug|ARM64.Build.0 = Debug|ARM64
		{E62653E9-95A2-4C38-92A4-514993EBD6B7}.Debug|ARM64.Deploy.0 = Debug|ARM64
		{E62653E9-95A2-4C38-92A4-514993EBD6B7}.Debug|x64.ActiveCfg = Debug|x64
		{E62653E9-95A2-4C38-92A4-514993EBD6B7}.Debug|x64.Build.0 = Debug|x64
		{E62653E9-95A2-4C38-92A4-514993EBD6B7}.Debug|x64.Deploy.0 = Debug|x64
		{E62653E9-95A2-4C38-92A4-514993EBD6B7}.Debug|x86.ActiveCfg = Debug|x86
		{E62653E9-95A2-4C38-92A4-514993EBD6B7}.Debug|x86.Build.0 = Debug|x86
		{E62653E9-95A2-4C38-92A4-514993EBD6B7}.Debug|x86.Deploy.0 = Debug|x86
		{E62653E9-95A2-4C38-92A4-514993EBD6B7}.Release|Any CPU.ActiveCfg = Release|Any CPU
		{E62653E9-95A2-4C38-92A4-514993EBD6B7}.Release|Any CPU.Build.0 = Release|Any CPU
		{E62653E9-95A2-4C38-92A4-514993EBD6B7}.Release|Any CPU.Deploy.0 = Release|Any CPU
		{E62653E9-95A2-4C38-92A4-514993EBD6B7}.Release|ARM.ActiveCfg = Release|ARM
		{E62653E9-95A2-4C38-92A4-514993EBD6B7}.Release|ARM.Build.0 = Release|ARM
		{E62653E9-95A2-4C38-92A4-514993EBD6B7}.Release|ARM.Deploy.0 = Release|ARM
		{E62653E9-95A2-4C38-92A4-514993EBD6B7}.Release|ARM64.ActiveCfg = Release|ARM64
		{E62653E9-95A2-4C38-92A4-514993EBD6B7}.Release|ARM64.Build.0 = Release|ARM64
		{E62653E9-95A2-4C38-92A4-514993EBD6B7}.Release|ARM64.Deploy.0 = Release|ARM64
		{E62653E9-95A2-4C38-92A4-514993EBD6B7}.Release|x64.ActiveCfg = Release|x64
		{E62653E9-95A2-4C38-92A4-514993EBD6B7}.Release|x64.Build.0 = Release|x64
		{E62653E9-95A2-4C38-92A4-514993EBD6B7}.Release|x64.Deploy.0 = Release|x64
		{E62653E9-95A2-4C38-92A4-514993EBD6B7}.Release|x86.ActiveCfg = Release|x86
		{E62653E9-95A2-4C38-92A4-514993EBD6B7}.Release|x86.Build.0 = Release|x86
		{E62653E9-95A2-4C38-92A4-514993EBD6B7}.Release|x86.Deploy.0 = Release|x86
		{E21AA2F7-0776-45F6-825F-DAB846758BC1}.Debug|Any CPU.ActiveCfg = Debug|Any CPU
		{E21AA2F7-0776-45F6-825F-DAB846758BC1}.Debug|Any CPU.Build.0 = Debug|Any CPU
		{E21AA2F7-0776-45F6-825F-DAB846758BC1}.Debug|ARM.ActiveCfg = Debug|Any CPU
		{E21AA2F7-0776-45F6-825F-DAB846758BC1}.Debug|ARM.Build.0 = Debug|Any CPU
		{E21AA2F7-0776-45F6-825F-DAB846758BC1}.Debug|ARM64.ActiveCfg = Debug|Any CPU
		{E21AA2F7-0776-45F6-825F-DAB846758BC1}.Debug|ARM64.Build.0 = Debug|Any CPU
		{E21AA2F7-0776-45F6-825F-DAB846758BC1}.Debug|x64.ActiveCfg = Debug|Any CPU
		{E21AA2F7-0776-45F6-825F-DAB846758BC1}.Debug|x64.Build.0 = Debug|Any CPU
		{E21AA2F7-0776-45F6-825F-DAB846758BC1}.Debug|x86.ActiveCfg = Debug|Any CPU
		{E21AA2F7-0776-45F6-825F-DAB846758BC1}.Debug|x86.Build.0 = Debug|Any CPU
		{E21AA2F7-0776-45F6-825F-DAB846758BC1}.Release|Any CPU.ActiveCfg = Release|Any CPU
		{E21AA2F7-0776-45F6-825F-DAB846758BC1}.Release|Any CPU.Build.0 = Release|Any CPU
		{E21AA2F7-0776-45F6-825F-DAB846758BC1}.Release|ARM.ActiveCfg = Release|Any CPU
		{E21AA2F7-0776-45F6-825F-DAB846758BC1}.Release|ARM.Build.0 = Release|Any CPU
		{E21AA2F7-0776-45F6-825F-DAB846758BC1}.Release|ARM64.ActiveCfg = Release|Any CPU
		{E21AA2F7-0776-45F6-825F-DAB846758BC1}.Release|ARM64.Build.0 = Release|Any CPU
		{E21AA2F7-0776-45F6-825F-DAB846758BC1}.Release|x64.ActiveCfg = Release|Any CPU
		{E21AA2F7-0776-45F6-825F-DAB846758BC1}.Release|x64.Build.0 = Release|Any CPU
		{E21AA2F7-0776-45F6-825F-DAB846758BC1}.Release|x86.ActiveCfg = Release|Any CPU
		{E21AA2F7-0776-45F6-825F-DAB846758BC1}.Release|x86.Build.0 = Release|Any CPU
		{5571F52D-3151-4757-B906-9E5B9F436850}.Debug|Any CPU.ActiveCfg = Debug|Any CPU
		{5571F52D-3151-4757-B906-9E5B9F436850}.Debug|Any CPU.Build.0 = Debug|Any CPU
		{5571F52D-3151-4757-B906-9E5B9F436850}.Debug|ARM.ActiveCfg = Debug|Any CPU
		{5571F52D-3151-4757-B906-9E5B9F436850}.Debug|ARM.Build.0 = Debug|Any CPU
		{5571F52D-3151-4757-B906-9E5B9F436850}.Debug|ARM64.ActiveCfg = Debug|Any CPU
		{5571F52D-3151-4757-B906-9E5B9F436850}.Debug|ARM64.Build.0 = Debug|Any CPU
		{5571F52D-3151-4757-B906-9E5B9F436850}.Debug|x64.ActiveCfg = Debug|Any CPU
		{5571F52D-3151-4757-B906-9E5B9F436850}.Debug|x64.Build.0 = Debug|Any CPU
		{5571F52D-3151-4757-B906-9E5B9F436850}.Debug|x86.ActiveCfg = Debug|Any CPU
		{5571F52D-3151-4757-B906-9E5B9F436850}.Debug|x86.Build.0 = Debug|Any CPU
		{5571F52D-3151-4757-B906-9E5B9F436850}.Release|Any CPU.ActiveCfg = Release|Any CPU
		{5571F52D-3151-4757-B906-9E5B9F436850}.Release|Any CPU.Build.0 = Release|Any CPU
		{5571F52D-3151-4757-B906-9E5B9F436850}.Release|ARM.ActiveCfg = Release|Any CPU
		{5571F52D-3151-4757-B906-9E5B9F436850}.Release|ARM.Build.0 = Release|Any CPU
		{5571F52D-3151-4757-B906-9E5B9F436850}.Release|ARM64.ActiveCfg = Release|Any CPU
		{5571F52D-3151-4757-B906-9E5B9F436850}.Release|ARM64.Build.0 = Release|Any CPU
		{5571F52D-3151-4757-B906-9E5B9F436850}.Release|x64.ActiveCfg = Release|Any CPU
		{5571F52D-3151-4757-B906-9E5B9F436850}.Release|x64.Build.0 = Release|Any CPU
		{5571F52D-3151-4757-B906-9E5B9F436850}.Release|x86.ActiveCfg = Release|Any CPU
		{5571F52D-3151-4757-B906-9E5B9F436850}.Release|x86.Build.0 = Release|Any CPU
	EndGlobalSection
	GlobalSection(SolutionProperties) = preSolution
		HideSolutionNode = FALSE
	EndGlobalSection
	GlobalSection(ExtensibilityGlobals) = postSolution
		SolutionGuid = {9D9F01AF-E3E7-4DB8-9B33-A9812E596E8D}
	EndGlobalSection
EndGlobal
